
Microsoft Visual Studio Solution File, Format Version 12.00
# Visual Studio Version 16
VisualStudioVersion = 16.0.29613.14
MinimumVisualStudioVersion = 10.0.40219.1
Project("{2150E333-8FDC-42A3-9474-1A3956D46DE8}") = "src", "src", "{C6330231-27E1-466F-8AA3-49D087EC56A3}"
EndProject
Project("{2150E333-8FDC-42A3-9474-1A3956D46DE8}") = "Domain", "Domain", "{DE79C796-85A1-4870-87C8-0951076C8A4E}"
EndProject
Project("{2150E333-8FDC-42A3-9474-1A3956D46DE8}") = "Infrastructure", "Infrastructure", "{B2081F35-FFBC-4712-8FBB-D8AA94EEC8AD}"
EndProject
Project("{2150E333-8FDC-42A3-9474-1A3956D46DE8}") = "Microservices", "Microservices", "{3F602656-4F93-4407-BD82-07D0258B808B}"
EndProject
Project("{9A19103F-16F7-4668-BE54-9A1E7A4F7556}") = "RabbitsBurrow.Domain", "RabbitsBurrow.Domain\RabbitsBurrow.Domain.csproj", "{19409C6B-1F1E-4522-82DE-0C01C5AE6697}"
EndProject
Project("{9A19103F-16F7-4668-BE54-9A1E7A4F7556}") = "RabbitsBurrow.Infrastructure", "RabbitsBurrow.Infrastructure\RabbitsBurrow.Infrastructure.csproj", "{964865B6-3E8D-4840-8060-34ACCEC09108}"
EndProject
Project("{2150E333-8FDC-42A3-9474-1A3956D46DE8}") = "Burrow", "Burrow", "{22443B04-CAE8-4F25-9F84-B79EFAD960FE}"
EndProject
Project("{2150E333-8FDC-42A3-9474-1A3956D46DE8}") = "Rabbit", "Rabbit", "{B71CD1A0-C687-4633-8D05-95248456C936}"
EndProject
Project("{9A19103F-16F7-4668-BE54-9A1E7A4F7556}") = "RabbitsBurrow.Burrow.Application", "RabbitsBurrow.Burrow.Application\RabbitsBurrow.Burrow.Application.csproj", "{DA3F2E65-7E09-4E1D-A47A-166DDE70EF4D}"
EndProject
Project("{9A19103F-16F7-4668-BE54-9A1E7A4F7556}") = "RabbitsBurrow.Burrow.Domain", "RabbitsBurrow.Burrow.Domain\RabbitsBurrow.Burrow.Domain.csproj", "{128687DC-E1AD-4874-9F7B-7657661D572B}"
EndProject
Project("{9A19103F-16F7-4668-BE54-9A1E7A4F7556}") = "RabbitsBurrow.Rabbit.Application", "RabbitsBurrow.Rabbit.Application\RabbitsBurrow.Rabbit.Application.csproj", "{DB73DB82-76EB-4720-A356-79AE0B01722B}"
EndProject
Project("{9A19103F-16F7-4668-BE54-9A1E7A4F7556}") = "RabbitsBurrow.Rabbit.Data", "RabbitsBurrow.Rabbit.Data\RabbitsBurrow.Rabbit.Data.csproj", "{978ECEC5-C16E-49C8-ABF2-F975B5A8B0F8}"
EndProject
Project("{9A19103F-16F7-4668-BE54-9A1E7A4F7556}") = "RabbitsBurrow.Rabbit.Domain", "RabbitsBurrow.Rabbit.Domain\RabbitsBurrow.Rabbit.Domain.csproj", "{4331D136-8663-4422-ADF4-B3A5AA142900}"
EndProject
Project("{9A19103F-16F7-4668-BE54-9A1E7A4F7556}") = "RabbitsBurrow.Rabbit.Api", "RabbitsBurrow.Rabbit.Api\RabbitsBurrow.Rabbit.Api.csproj", "{21864BD2-1C41-47D1-BA11-5E23F5889DD8}"
EndProject
Project("{9A19103F-16F7-4668-BE54-9A1E7A4F7556}") = "RabbitsBurrow.Burrow.Api", "RabbitsBurrow.Burrow.Api\RabbitsBurrow.Burrow.Api.csproj", "{D58E13AE-C83E-46A8-B7A4-4058148450D2}"
EndProject
Project("{9A19103F-16F7-4668-BE54-9A1E7A4F7556}") = "RabbitsBurrow.Burrow.Data", "RabbitsBurrow.Burrow.Data\RabbitsBurrow.Burrow.Data.csproj", "{B82A85E3-3711-46D7-A31E-52F41720D1DA}"
EndProject
Project("{9A19103F-16F7-4668-BE54-9A1E7A4F7556}") = "RabbitsBurrow.IoC", "RabbitsBurrow.IoC\RabbitsBurrow.IoC.csproj", "{032D7A74-F565-4181-8481-E7EA6FAD75AC}"
EndProject
Global
	GlobalSection(SolutionConfigurationPlatforms) = preSolution
		Debug|Any CPU = Debug|Any CPU
		Release|Any CPU = Release|Any CPU
	EndGlobalSection
	GlobalSection(ProjectConfigurationPlatforms) = postSolution
		{19409C6B-1F1E-4522-82DE-0C01C5AE6697}.Debug|Any CPU.ActiveCfg = Debug|Any CPU
		{19409C6B-1F1E-4522-82DE-0C01C5AE6697}.Debug|Any CPU.Build.0 = Debug|Any CPU
		{19409C6B-1F1E-4522-82DE-0C01C5AE6697}.Release|Any CPU.ActiveCfg = Release|Any CPU
		{19409C6B-1F1E-4522-82DE-0C01C5AE6697}.Release|Any CPU.Build.0 = Release|Any CPU
		{964865B6-3E8D-4840-8060-34ACCEC09108}.Debug|Any CPU.ActiveCfg = Debug|Any CPU
		{964865B6-3E8D-4840-8060-34ACCEC09108}.Debug|Any CPU.Build.0 = Debug|Any CPU
		{964865B6-3E8D-4840-8060-34ACCEC09108}.Release|Any CPU.ActiveCfg = Release|Any CPU
		{964865B6-3E8D-4840-8060-34ACCEC09108}.Release|Any CPU.Build.0 = Release|Any CPU
		{DA3F2E65-7E09-4E1D-A47A-166DDE70EF4D}.Debug|Any CPU.ActiveCfg = Debug|Any CPU
		{DA3F2E65-7E09-4E1D-A47A-166DDE70EF4D}.Debug|Any CPU.Build.0 = Debug|Any CPU
		{DA3F2E65-7E09-4E1D-A47A-166DDE70EF4D}.Release|Any CPU.ActiveCfg = Release|Any CPU
		{DA3F2E65-7E09-4E1D-A47A-166DDE70EF4D}.Release|Any CPU.Build.0 = Release|Any CPU
		{128687DC-E1AD-4874-9F7B-7657661D572B}.Debug|Any CPU.ActiveCfg = Debug|Any CPU
		{128687DC-E1AD-4874-9F7B-7657661D572B}.Debug|Any CPU.Build.0 = Debug|Any CPU
		{128687DC-E1AD-4874-9F7B-7657661D572B}.Release|Any CPU.ActiveCfg = Release|Any CPU
		{128687DC-E1AD-4874-9F7B-7657661D572B}.Release|Any CPU.Build.0 = Release|Any CPU
		{DB73DB82-76EB-4720-A356-79AE0B01722B}.Debug|Any CPU.ActiveCfg = Debug|Any CPU
		{DB73DB82-76EB-4720-A356-79AE0B01722B}.Debug|Any CPU.Build.0 = Debug|Any CPU
		{DB73DB82-76EB-4720-A356-79AE0B01722B}.Release|Any CPU.ActiveCfg = Release|Any CPU
		{DB73DB82-76EB-4720-A356-79AE0B01722B}.Release|Any CPU.Build.0 = Release|Any CPU
		{978ECEC5-C16E-49C8-ABF2-F975B5A8B0F8}.Debug|Any CPU.ActiveCfg = Debug|Any CPU
		{978ECEC5-C16E-49C8-ABF2-F975B5A8B0F8}.Debug|Any CPU.Build.0 = Debug|Any CPU
		{978ECEC5-C16E-49C8-ABF2-F975B5A8B0F8}.Release|Any CPU.ActiveCfg = Release|Any CPU
		{978ECEC5-C16E-49C8-ABF2-F975B5A8B0F8}.Release|Any CPU.Build.0 = Release|Any CPU
		{4331D136-8663-4422-ADF4-B3A5AA142900}.Debug|Any CPU.ActiveCfg = Debug|Any CPU
		{4331D136-8663-4422-ADF4-B3A5AA142900}.Debug|Any CPU.Build.0 = Debug|Any CPU
		{4331D136-8663-4422-ADF4-B3A5AA142900}.Release|Any CPU.ActiveCfg = Release|Any CPU
		{4331D136-8663-4422-ADF4-B3A5AA142900}.Release|Any CPU.Build.0 = Release|Any CPU
		{21864BD2-1C41-47D1-BA11-5E23F5889DD8}.Debug|Any CPU.ActiveCfg = Debug|Any CPU
		{21864BD2-1C41-47D1-BA11-5E23F5889DD8}.Debug|Any CPU.Build.0 = Debug|Any CPU
		{21864BD2-1C41-47D1-BA11-5E23F5889DD8}.Release|Any CPU.ActiveCfg = Release|Any CPU
		{21864BD2-1C41-47D1-BA11-5E23F5889DD8}.Release|Any CPU.Build.0 = Release|Any CPU
		{D58E13AE-C83E-46A8-B7A4-4058148450D2}.Debug|Any CPU.ActiveCfg = Debug|Any CPU
		{D58E13AE-C83E-46A8-B7A4-4058148450D2}.Debug|Any CPU.Build.0 = Debug|Any CPU
		{D58E13AE-C83E-46A8-B7A4-4058148450D2}.Release|Any CPU.ActiveCfg = Release|Any CPU
		{D58E13AE-C83E-46A8-B7A4-4058148450D2}.Release|Any CPU.Build.0 = Release|Any CPU
		{B82A85E3-3711-46D7-A31E-52F41720D1DA}.Debug|Any CPU.ActiveCfg = Debug|Any CPU
		{B82A85E3-3711-46D7-A31E-52F41720D1DA}.Debug|Any CPU.Build.0 = Debug|Any CPU
		{B82A85E3-3711-46D7-A31E-52F41720D1DA}.Release|Any CPU.ActiveCfg = Release|Any CPU
		{B82A85E3-3711-46D7-A31E-52F41720D1DA}.Release|Any CPU.Build.0 = Release|Any CPU
		{032D7A74-F565-4181-8481-E7EA6FAD75AC}.Debug|Any CPU.ActiveCfg = Debug|Any CPU
		{032D7A74-F565-4181-8481-E7EA6FAD75AC}.Debug|Any CPU.Build.0 = Debug|Any CPU
		{032D7A74-F565-4181-8481-E7EA6FAD75AC}.Release|Any CPU.ActiveCfg = Release|Any CPU
		{032D7A74-F565-4181-8481-E7EA6FAD75AC}.Release|Any CPU.Build.0 = Release|Any CPU
	EndGlobalSection
	GlobalSection(SolutionProperties) = preSolution
		HideSolutionNode = FALSE
	EndGlobalSection
	GlobalSection(NestedProjects) = preSolution
		{DE79C796-85A1-4870-87C8-0951076C8A4E} = {C6330231-27E1-466F-8AA3-49D087EC56A3}
		{B2081F35-FFBC-4712-8FBB-D8AA94EEC8AD} = {C6330231-27E1-466F-8AA3-49D087EC56A3}
		{3F602656-4F93-4407-BD82-07D0258B808B} = {C6330231-27E1-466F-8AA3-49D087EC56A3}
		{19409C6B-1F1E-4522-82DE-0C01C5AE6697} = {DE79C796-85A1-4870-87C8-0951076C8A4E}
		{964865B6-3E8D-4840-8060-34ACCEC09108} = {B2081F35-FFBC-4712-8FBB-D8AA94EEC8AD}
		{22443B04-CAE8-4F25-9F84-B79EFAD960FE} = {3F602656-4F93-4407-BD82-07D0258B808B}
		{B71CD1A0-C687-4633-8D05-95248456C936} = {3F602656-4F93-4407-BD82-07D0258B808B}
		{DA3F2E65-7E09-4E1D-A47A-166DDE70EF4D} = {22443B04-CAE8-4F25-9F84-B79EFAD960FE}
		{128687DC-E1AD-4874-9F7B-7657661D572B} = {22443B04-CAE8-4F25-9F84-B79EFAD960FE}
		{DB73DB82-76EB-4720-A356-79AE0B01722B} = {B71CD1A0-C687-4633-8D05-95248456C936}
		{978ECEC5-C16E-49C8-ABF2-F975B5A8B0F8} = {B71CD1A0-C687-4633-8D05-95248456C936}
		{4331D136-8663-4422-ADF4-B3A5AA142900} = {B71CD1A0-C687-4633-8D05-95248456C936}
		{21864BD2-1C41-47D1-BA11-5E23F5889DD8} = {B71CD1A0-C687-4633-8D05-95248456C936}
		{D58E13AE-C83E-46A8-B7A4-4058148450D2} = {22443B04-CAE8-4F25-9F84-B79EFAD960FE}
		{B82A85E3-3711-46D7-A31E-52F41720D1DA} = {22443B04-CAE8-4F25-9F84-B79EFAD960FE}
		{032D7A74-F565-4181-8481-E7EA6FAD75AC} = {B2081F35-FFBC-4712-8FBB-D8AA94EEC8AD}
	EndGlobalSection
	GlobalSection(ExtensibilityGlobals) = postSolution
		SolutionGuid = {84B9B6FD-2F66-456F-9A65-F78516BC6918}
	EndGlobalSection
EndGlobal
